
Microsoft Visual Studio Solution File, Format Version 12.00
# Visual Studio Version 16
VisualStudioVersion = 16.0.28531.58
MinimumVisualStudioVersion = 10.0.40219.1
Project("{FAE04EC0-301F-11D3-BF4B-00C04F79EFBC}") = "ClassLibrary1", "ClassLibrary1\ClassLibrary1.csproj", "{F897A015-DDE7-4676-99DA-E49A59C8E17A}"
EndProject
Global
	GlobalSection(SolutionConfigurationPlatforms) = preSolution
		Debug|Any CPU = Debug|Any CPU
		Release|Any CPU = Release|Any CPU
	EndGlobalSection
	GlobalSection(ProjectConfigurationPlatforms) = postSolution
		{F897A015-DDE7-4676-99DA-E49A59C8E17A}.Debug|Any CPU.ActiveCfg = Debug|Any CPU
		{F897A015-DDE7-4676-99DA-E49A59C8E17A}.Debug|Any CPU.Build.0 = Debug|Any CPU
		{F897A015-DDE7-4676-99DA-E49A59C8E17A}.Release|Any CPU.ActiveCfg = Release|Any CPU
		{F897A015-DDE7-4676-99DA-E49A59C8E17A}.Release|Any CPU.Build.0 = Release|Any CPU
	EndGlobalSection
	GlobalSection(SolutionProperties) = preSolution
		HideSolutionNode = FALSE
	EndGlobalSection
	GlobalSection(ExtensibilityGlobals) = postSolution
		SolutionGuid = {FB8EAD26-89C2-4445-B0B8-A50589DAB72D}
	EndGlobalSection
EndGlobal
